
Microsoft Visual Studio Solution File, Format Version 12.00
# Visual Studio 15
VisualStudioVersion = 15.0.28307.489
MinimumVisualStudioVersion = 10.0.40219.1
Project("{FAE04EC0-301F-11D3-BF4B-00C04F79EFBC}") = "test", "test\test.csproj", "{11CEFFAD-8EDD-477F-B910-8CECCAEB4CD1}"
EndProject
Global
	GlobalSection(SolutionConfigurationPlatforms) = preSolution
		Debug|Any CPU = Debug|Any CPU
		Release|Any CPU = Release|Any CPU
	EndGlobalSection
	GlobalSection(ProjectConfigurationPlatforms) = postSolution
		{11CEFFAD-8EDD-477F-B910-8CECCAEB4CD1}.Debug|Any CPU.ActiveCfg = Debug|Any CPU
		{11CEFFAD-8EDD-477F-B910-8CECCAEB4CD1}.Debug|Any CPU.Build.0 = Debug|Any CPU
		{11CEFFAD-8EDD-477F-B910-8CECCAEB4CD1}.Release|Any CPU.ActiveCfg = Release|Any CPU
		{11CEFFAD-8EDD-477F-B910-8CECCAEB4CD1}.Release|Any CPU.Build.0 = Release|Any CPU
	EndGlobalSection
	GlobalSection(SolutionProperties) = preSolution
		HideSolutionNode = FALSE
	EndGlobalSection
	GlobalSection(ExtensibilityGlobals) = postSolution
		SolutionGuid = {0F15356F-4E63-40AA-A050-51F30B385B46}
	EndGlobalSection
EndGlobal
